
Microsoft Visual Studio Solution File, Format Version 12.00
# Visual Studio Version 17
VisualStudioVersion = 17.14.36518.9 d17.14
MinimumVisualStudioVersion = 10.0.40219.1
Project("{FAE04EC0-301F-11D3-BF4B-00C04F79EFBC}") = "AlltOmHundar.Web", "AlltOmHundar.Web\AlltOmHundar.Web.csproj", "{31A96F12-B8EA-4A23-812B-09C54BC0A278}"
EndProject
Project("{FAE04EC0-301F-11D3-BF4B-00C04F79EFBC}") = "AlltOmHundar.Core", "AlltOmHundar.Core\AlltOmHundar.Core.csproj", "{AE2E74E7-3E9A-4E55-8F78-FB2A97EE0E59}"
EndProject
Project("{FAE04EC0-301F-11D3-BF4B-00C04F79EFBC}") = "AlltOmHundar.Infrastructure", "AlltOmHundar.Infrastructure\AlltOmHundar.Infrastructure.csproj", "{B86EF5EB-1DF6-49EA-A7BF-049E3DED57D8}"
EndProject
Project("{FAE04EC0-301F-11D3-BF4B-00C04F79EFBC}") = "AlltOmHundar.Services", "AlltOmHundar.Services\AlltOmHundar.Services.csproj", "{405B276F-0BA4-4619-9AC8-FBA7927FEF11}"
EndProject
Project("{FAE04EC0-301F-11D3-BF4B-00C04F79EFBC}") = "AlltOmHundar.API", "AlltOmHundar.API\AlltOmHundar.API.csproj", "{4C283B06-184E-4350-AC63-5C38BAA29739}"
EndProject
Global
	GlobalSection(SolutionConfigurationPlatforms) = preSolution
		Debug|Any CPU = Debug|Any CPU
		Release|Any CPU = Release|Any CPU
	EndGlobalSection
	GlobalSection(ProjectConfigurationPlatforms) = postSolution
		{31A96F12-B8EA-4A23-812B-09C54BC0A278}.Debug|Any CPU.ActiveCfg = Debug|Any CPU
		{31A96F12-B8EA-4A23-812B-09C54BC0A278}.Debug|Any CPU.Build.0 = Debug|Any CPU
		{31A96F12-B8EA-4A23-812B-09C54BC0A278}.Release|Any CPU.ActiveCfg = Release|Any CPU
		{31A96F12-B8EA-4A23-812B-09C54BC0A278}.Release|Any CPU.Build.0 = Release|Any CPU
		{AE2E74E7-3E9A-4E55-8F78-FB2A97EE0E59}.Debug|Any CPU.ActiveCfg = Debug|Any CPU
		{AE2E74E7-3E9A-4E55-8F78-FB2A97EE0E59}.Debug|Any CPU.Build.0 = Debug|Any CPU
		{AE2E74E7-3E9A-4E55-8F78-FB2A97EE0E59}.Release|Any CPU.ActiveCfg = Release|Any CPU
		{AE2E74E7-3E9A-4E55-8F78-FB2A97EE0E59}.Release|Any CPU.Build.0 = Release|Any CPU
		{B86EF5EB-1DF6-49EA-A7BF-049E3DED57D8}.Debug|Any CPU.ActiveCfg = Debug|Any CPU
		{B86EF5EB-1DF6-49EA-A7BF-049E3DED57D8}.Debug|Any CPU.Build.0 = Debug|Any CPU
		{B86EF5EB-1DF6-49EA-A7BF-049E3DED57D8}.Release|Any CPU.ActiveCfg = Release|Any CPU
		{B86EF5EB-1DF6-49EA-A7BF-049E3DED57D8}.Release|Any CPU.Build.0 = Release|Any CPU
		{405B276F-0BA4-4619-9AC8-FBA7927FEF11}.Debug|Any CPU.ActiveCfg = Debug|Any CPU
		{405B276F-0BA4-4619-9AC8-FBA7927FEF11}.Debug|Any CPU.Build.0 = Debug|Any CPU
		{405B276F-0BA4-4619-9AC8-FBA7927FEF11}.Release|Any CPU.ActiveCfg = Release|Any CPU
		{405B276F-0BA4-4619-9AC8-FBA7927FEF11}.Release|Any CPU.Build.0 = Release|Any CPU
		{4C283B06-184E-4350-AC63-5C38BAA29739}.Debug|Any CPU.ActiveCfg = Debug|Any CPU
		{4C283B06-184E-4350-AC63-5C38BAA29739}.Debug|Any CPU.Build.0 = Debug|Any CPU
		{4C283B06-184E-4350-AC63-5C38BAA29739}.Release|Any CPU.ActiveCfg = Release|Any CPU
		{4C283B06-184E-4350-AC63-5C38BAA29739}.Release|Any CPU.Build.0 = Release|Any CPU
	EndGlobalSection
	GlobalSection(SolutionProperties) = preSolution
		HideSolutionNode = FALSE
	EndGlobalSection
	GlobalSection(ExtensibilityGlobals) = postSolution
		SolutionGuid = {62F46FF0-6716-4143-AAD9-91E17414B717}
	EndGlobalSection
EndGlobal
